// !$*UTF8*$!
{
	archiveVersion = 1;
	classes = {
	};
	objectVersion = 50;
	objects = {

/* Begin PBXBuildFile section */
		8162951F23734CBB00189A13 /* TimeStamp.swift in Sources */ = {isa = PBXBuildFile; fileRef = 8162951D23734CBB00189A13 /* TimeStamp.swift */; };
		8162952023734CBB00189A13 /* Clock.swift in Sources */ = {isa = PBXBuildFile; fileRef = 8162951E23734CBB00189A13 /* Clock.swift */; };
		8165CB88236C38D9000F31C6 /* setterViewController.swift in Sources */ = {isa = PBXBuildFile; fileRef = 8165CB87236C38D9000F31C6 /* setterViewController.swift */; };
		81812C6B236757B1004A8DB3 /* AppDelegate.swift in Sources */ = {isa = PBXBuildFile; fileRef = 81812C6A236757B1004A8DB3 /* AppDelegate.swift */; };
		81812C6D236757B1004A8DB3 /* SceneDelegate.swift in Sources */ = {isa = PBXBuildFile; fileRef = 81812C6C236757B1004A8DB3 /* SceneDelegate.swift */; };
		81812C74236757B3004A8DB3 /* Assets.xcassets in Resources */ = {isa = PBXBuildFile; fileRef = 81812C73236757B3004A8DB3 /* Assets.xcassets */; };
		81812C77236757B3004A8DB3 /* LaunchScreen.storyboard in Resources */ = {isa = PBXBuildFile; fileRef = 81812C75236757B3004A8DB3 /* LaunchScreen.storyboard */; };
		81CC24FE237338200066E4F0 /* ViewController.swift in Sources */ = {isa = PBXBuildFile; fileRef = 81CC24FD237338200066E4F0 /* ViewController.swift */; };
		81CC250323733B470066E4F0 /* Main.storyboard in Resources */ = {isa = PBXBuildFile; fileRef = 81CC250123733B470066E4F0 /* Main.storyboard */; };
/* End PBXBuildFile section */

/* Begin PBXFileReference section */
		8162951D23734CBB00189A13 /* TimeStamp.swift */ = {isa = PBXFileReference; fileEncoding = 4; lastKnownFileType = sourcecode.swift; path = TimeStamp.swift; sourceTree = "<group>"; };
		8162951E23734CBB00189A13 /* Clock.swift */ = {isa = PBXFileReference; fileEncoding = 4; lastKnownFileType = sourcecode.swift; path = Clock.swift; sourceTree = "<group>"; };
		8165CB87236C38D9000F31C6 /* setterViewController.swift */ = {isa = PBXFileReference; lastKnownFileType = sourcecode.swift; path = setterViewController.swift; sourceTree = "<group>"; };
		81812C67236757B1004A8DB3 /* wurster_lab09.app */ = {isa = PBXFileReference; explicitFileType = wrapper.application; includeInIndex = 0; path = wurster_lab09.app; sourceTree = BUILT_PRODUCTS_DIR; };
		81812C6A236757B1004A8DB3 /* AppDelegate.swift */ = {isa = PBXFileReference; lastKnownFileType = sourcecode.swift; path = AppDelegate.swift; sourceTree = "<group>"; };
		81812C6C236757B1004A8DB3 /* SceneDelegate.swift */ = {isa = PBXFileReference; lastKnownFileType = sourcecode.swift; path = SceneDelegate.swift; sourceTree = "<group>"; };
		81812C73236757B3004A8DB3 /* Assets.xcassets */ = {isa = PBXFileReference; lastKnownFileType = folder.assetcatalog; path = Assets.xcassets; sourceTree = "<group>"; };
		81812C76236757B3004A8DB3 /* Base */ = {isa = PBXFileReference; lastKnownFileType = file.storyboard; name = Base; path = Base.lproj/LaunchScreen.storyboard; sourceTree = "<group>"; };
		81812C78236757B3004A8DB3 /* Info.plist */ = {isa = PBXFileReference; lastKnownFileType = text.plist.xml; path = Info.plist; sourceTree = "<group>"; };
		81CC24FD237338200066E4F0 /* ViewController.swift */ = {isa = PBXFileReference; lastKnownFileType = sourcecode.swift; path = ViewController.swift; sourceTree = "<group>"; };
		81CC250223733B470066E4F0 /* Base */ = {isa = PBXFileReference; lastKnownFileType = file.storyboard; name = Base; path = Base.lproj/Main.storyboard; sourceTree = "<group>"; };
/* End PBXFileReference section */

/* Begin PBXFrameworksBuildPhase section */
		81812C64236757B1004A8DB3 /* Frameworks */ = {
			isa = PBXFrameworksBuildPhase;
			buildActionMask = 2147483647;
			files = (
			);
			runOnlyForDeploymentPostprocessing = 0;
		};
/* End PBXFrameworksBuildPhase section */

/* Begin PBXGroup section */
		81812C5E236757B1004A8DB3 = {
			isa = PBXGroup;
			children = (
				81812C69236757B1004A8DB3 /* wurster_lab09 */,
				81812C68236757B1004A8DB3 /* Products */,
			);
			sourceTree = "<group>";
		};
		81812C68236757B1004A8DB3 /* Products */ = {
			isa = PBXGroup;
			children = (
				81812C67236757B1004A8DB3 /* wurster_lab09.app */,
			);
			name = Products;
			sourceTree = "<group>";
		};
		81812C69236757B1004A8DB3 /* wurster_lab09 */ = {
			isa = PBXGroup;
			children = (
				81CC24FD237338200066E4F0 /* ViewController.swift */,
				81812C6A236757B1004A8DB3 /* AppDelegate.swift */,
				81812C6C236757B1004A8DB3 /* SceneDelegate.swift */,
				8165CB87236C38D9000F31C6 /* setterViewController.swift */,
				8162951E23734CBB00189A13 /* Clock.swift */,
				8162951D23734CBB00189A13 /* TimeStamp.swift */,
				81812C73236757B3004A8DB3 /* Assets.xcassets */,
				81CC250123733B470066E4F0 /* Main.storyboard */,
				81812C75236757B3004A8DB3 /* LaunchScreen.storyboard */,
				81812C78236757B3004A8DB3 /* Info.plist */,
			);
			path = wurster_lab09;
			sourceTree = "<group>";
		};
/* End PBXGroup section */

/* Begin PBXNativeTarget section */
		81812C66236757B1004A8DB3 /* wurster_lab09 */ = {
			isa = PBXNativeTarget;
			buildConfigurationList = 81812C7B236757B3004A8DB3 /* Build configuration list for PBXNativeTarget "wurster_lab09" */;
			buildPhases = (
				81812C63236757B1004A8DB3 /* Sources */,
				81812C64236757B1004A8DB3 /* Frameworks */,
				81812C65236757B1004A8DB3 /* Resources */,
			);
			buildRules = (
			);
			dependencies = (
			);
			name = wurster_lab09;
			productName = wurster_lab09;
			productReference = 81812C67236757B1004A8DB3 /* wurster_lab09.app */;
			productType = "com.apple.product-type.application";
		};
/* End PBXNativeTarget section */

/* Begin PBXProject section */
		81812C5F236757B1004A8DB3 /* Project object */ = {
			isa = PBXProject;
			attributes = {
				LastSwiftUpdateCheck = 1110;
				LastUpgradeCheck = 1110;
				ORGANIZATIONNAME = "peter wurster";
				TargetAttributes = {
					81812C66236757B1004A8DB3 = {
						CreatedOnToolsVersion = 11.1;
					};
				};
			};
			buildConfigurationList = 81812C62236757B1004A8DB3 /* Build configuration list for PBXProject "wurster_lab09" */;
			compatibilityVersion = "Xcode 9.3";
			developmentRegion = en;
			hasScannedForEncodings = 0;
			knownRegions = (
				en,
				Base,
			);
			mainGroup = 81812C5E236757B1004A8DB3;
			productRefGroup = 81812C68236757B1004A8DB3 /* Products */;
			projectDirPath = "";
			projectRoot = "";
			targets = (
				81812C66236757B1004A8DB3 /* wurster_lab09 */,
			);
		};
/* End PBXProject section */

/* Begin PBXResourcesBuildPhase section */
		81812C65236757B1004A8DB3 /* Resources */ = {
			isa = PBXResourcesBuildPhase;
			buildActionMask = 2147483647;
			files = (
				81CC250323733B470066E4F0 /* Main.storyboard in Resources */,
				81812C77236757B3004A8DB3 /* LaunchScreen.storyboard in Resources */,
				81812C74236757B3004A8DB3 /* Assets.xcassets in Resources */,
			);
			runOnlyForDeploymentPostprocessing = 0;
		};
/* End PBXResourcesBuildPhase section */

/* Begin PBXSourcesBuildPhase section */
		81812C63236757B1004A8DB3 /* Sources */ = {
			isa = PBXSourcesBuildPhase;
			buildActionMask = 2147483647;
			files = (
				8162952023734CBB00189A13 /* Clock.swift in Sources */,
				81CC24FE237338200066E4F0 /* ViewController.swift in Sources */,
				8162951F23734CBB00189A13 /* TimeStamp.swift in Sources */,
				81812C6B236757B1004A8DB3 /* AppDelegate.swift in Sources */,
				8165CB88236C38D9000F31C6 /* setterViewController.swift in Sources */,
				81812C6D236757B1004A8DB3 /* SceneDelegate.swift in Sources */,
			);
			runOnlyForDeploymentPostprocessing = 0;
		};
/* End PBXSourcesBuildPhase section */

/* Begin PBXVariantGroup section */
		81812C75236757B3004A8DB3 /* LaunchScreen.storyboard */ = {
			isa = PBXVariantGroup;
			children = (
				81812C76236757B3004A8DB3 /* Base */,
			);
			name = LaunchScreen.storyboard;
			sourceTree = "<group>";
		};
		81CC250123733B470066E4F0 /* Main.storyboard */ = {
			isa = PBXVariantGroup;
			children = (
				81CC250223733B470066E4F0 /* Base */,
			);
			name = Main.storyboard;
			sourceTree = "<group>";
		};
/* End PBXVariantGroup section */

/* Begin XCBuildConfiguration section */
		81812C79236757B3004A8DB3 /* Debug */ = {
			isa = XCBuildConfiguration;
			buildSettings = {
				ALWAYS_SEARCH_USER_PATHS = NO;
				CLANG_ANALYZER_NONNULL = YES;
				CLANG_ANALYZER_NUMBER_OBJECT_CONVERSION = YES_AGGRESSIVE;
				CLANG_CXX_LANGUAGE_STANDARD = "gnu++14";
				CLANG_CXX_LIBRARY = "libc++";
				CLANG_ENABLE_MODULES = YES;
				CLANG_ENABLE_OBJC_ARC = YES;
				CLANG_ENABLE_OBJC_WEAK = YES;
				CLANG_WARN_BLOCK_CAPTURE_AUTORELEASING = YES;
				CLANG_WARN_BOOL_CONVERSION = YES;
				CLANG_WARN_COMMA = YES;
				CLANG_WARN_CONSTANT_CONVERSION = YES;
				CLANG_WARN_DEPRECATED_OBJC_IMPLEMENTATIONS = YES;
				CLANG_WARN_DIRECT_OBJC_ISA_USAGE = YES_ERROR;
				CLANG_WARN_DOCUMENTATION_COMMENTS = YES;
				CLANG_WARN_EMPTY_BODY = YES;
				CLANG_WARN_ENUM_CONVERSION = YES;
				CLANG_WARN_INFINITE_RECURSION = YES;
				CLANG_WARN_INT_CONVERSION = YES;
				CLANG_WARN_NON_LITERAL_NULL_CONVERSION = YES;
				CLANG_WARN_OBJC_IMPLICIT_RETAIN_SELF = YES;
				CLANG_WARN_OBJC_LITERAL_CONVERSION = YES;
				CLANG_WARN_OBJC_ROOT_CLASS = YES_ERROR;
				CLANG_WARN_RANGE_LOOP_ANALYSIS = YES;
				CLANG_WARN_STRICT_PROTOTYPES = YES;
				CLANG_WARN_SUSPICIOUS_MOVE = YES;
				CLANG_WARN_UNGUARDED_AVAILABILITY = YES_AGGRESSIVE;
				CLANG_WARN_UNREACHABLE_CODE = YES;
				CLANG_WARN__DUPLICATE_METHOD_MATCH = YES;
				COPY_PHASE_STRIP = NO;
				DEBUG_INFORMATION_FORMAT = dwarf;
				ENABLE_STRICT_OBJC_MSGSEND = YES;
				ENABLE_TESTABILITY = YES;
				GCC_C_LANGUAGE_STANDARD = gnu11;
				GCC_DYNAMIC_NO_PIC = NO;
				GCC_NO_COMMON_BLOCKS = YES;
				GCC_OPTIMIZATION_LEVEL = 0;
				GCC_PREPROCESSOR_DEFINITIONS = (
					"DEBUG=1",
					"$(inherited)",
				);
				GCC_WARN_64_TO_32_BIT_CONVERSION = YES;
				GCC_WARN_ABOUT_RETURN_TYPE = YES_ERROR;
				GCC_WARN_UNDECLARED_SELECTOR = YES;
				GCC_WARN_UNINITIALIZED_AUTOS = YES_AGGRESSIVE;
				GCC_WARN_UNUSED_FUNCTION = YES;
				GCC_WARN_UNUSED_VARIABLE = YES;
				IPHONEOS_DEPLOYMENT_TARGET = 13.1;
				MTL_ENABLE_DEBUG_INFO = INCLUDE_SOURCE;
				MTL_FAST_MATH = YES;
				ONLY_ACTIVE_ARCH = YES;
				SDKROOT = iphoneos;
				SWIFT_ACTIVE_COMPILATION_CONDITIONS = DEBUG;
				SWIFT_OPTIMIZATION_LEVEL = "-Onone";
			};
			name = Debug;
		};
		81812C7A236757B3004A8DB3 /* Release */ = {
			isa = XCBuildConfiguration;
			buildSettings = {
				ALWAYS_SEARCH_USER_PATHS = NO;
				CLANG_ANALYZER_NONNULL = YES;
				CLANG_ANALYZER_NUMBER_OBJECT_CONVERSION = YES_AGGRESSIVE;
				CLANG_CXX_LANGUAGE_STANDARD = "gnu++14";
				CLANG_CXX_LIBRARY = "libc++";
				CLANG_ENABLE_MODULES = YES;
				CLANG_ENABLE_OBJC_ARC = YES;
				CLANG_ENABLE_OBJC_WEAK = YES;
				CLANG_WARN_BLOCK_CAPTURE_AUTORELEASING = YES;
				CLANG_WARN_BOOL_CONVERSION = YES;
				CLANG_WARN_COMMA = YES;
				CLANG_WARN_CONSTANT_CONVERSION = YES;
				CLANG_WARN_DEPRECATED_OBJC_IMPLEMENTATIONS = YES;
				CLANG_WARN_DIRECT_OBJC_ISA_USAGE = YES_ERROR;
				CLANG_WARN_DOCUMENTATION_COMMENTS = YES;
				CLANG_WARN_EMPTY_BODY = YES;
				CLANG_WARN_ENUM_CONVERSION = YES;
				CLANG_WARN_INFINITE_RECURSION = YES;
				CLANG_WARN_INT_CONVERSION = YES;
				CLANG_WARN_NON_LITERAL_NULL_CONVERSION = YES;
				CLANG_WARN_OBJC_IMPLICIT_RETAIN_SELF = YES;
				CLANG_WARN_OBJC_LITERAL_CONVERSION = YES;
				CLANG_WARN_OBJC_ROOT_CLASS = YES_ERROR;
				CLANG_WARN_RANGE_LOOP_ANALYSIS = YES;
				CLANG_WARN_STRICT_PROTOTYPES = YES;
				CLANG_WARN_SUSPICIOUS_MOVE = YES;
				CLANG_WARN_UNGUARDED_AVAILABILITY = YES_AGGRESSIVE;
				CLANG_WARN_UNREACHABLE_CODE = YES;
				CLANG_WARN__DUPLICATE_METHOD_MATCH = YES;
				COPY_PHASE_STRIP = NO;
				DEBUG_INFORMATION_FORMAT = "dwarf-with-dsym";
				ENABLE_NS_ASSERTIONS = NO;
				ENABLE_STRICT_OBJC_MSGSEND = YES;
				GCC_C_LANGUAGE_STANDARD = gnu11;
				GCC_NO_COMMON_BLOCKS = YES;
				GCC_WARN_64_TO_32_BIT_CONVERSION = YES;
				GCC_WARN_ABOUT_RETURN_TYPE = YES_ERROR;
				GCC_WARN_UNDECLARED_SELECTOR = YES;
				GCC_WARN_UNINITIALIZED_AUTOS = YES_AGGRESSIVE;
				GCC_WARN_UNUSED_FUNCTION = YES;
				GCC_WARN_UNUSED_VARIABLE = YES;
				IPHONEOS_DEPLOYMENT_TARGET = 13.1;
				MTL_ENABLE_DEBUG_INFO = NO;
				MTL_FAST_MATH = YES;
				SDKROOT = iphoneos;
				SWIFT_COMPILATION_MODE = wholemodule;
				SWIFT_OPTIMIZATION_LEVEL = "-O";
				VALIDATE_PRODUCT = YES;
			};
			name = Release;
		};
		81812C7C236757B3004A8DB3 /* Debug */ = {
			isa = XCBuildConfiguration;
			buildSettings = {
				ASSETCATALOG_COMPILER_APPICON_NAME = AppIcon;
				CODE_SIGN_STYLE = Automatic;
				DEVELOPMENT_TEAM = TAJW75LU76;
				INFOPLIST_FILE = wurster_lab09/Info.plist;
				LD_RUNPATH_SEARCH_PATHS = (
					"$(inherited)",
					"@executable_path/Frameworks",
				);
				PRODUCT_BUNDLE_IDENTIFIER = edu.ccp.cisapple;
				PRODUCT_NAME = "$(TARGET_NAME)";
				SWIFT_VERSION = 5.0;
				TARGETED_DEVICE_FAMILY = "1,2";
			};
			name = Debug;
		};
		81812C7D236757B3004A8DB3 /* Release */ = {
			isa = XCBuildConfiguration;
			buildSettings = {
				ASSETCATALOG_COMPILER_APPICON_NAME = AppIcon;
				CODE_SIGN_STYLE = Automatic;
				DEVELOPMENT_TEAM = TAJW75LU76;
				INFOPLIST_FILE = wurster_lab09/Info.plist;
				LD_RUNPATH_SEARCH_PATHS = (
					"$(inherited)",
					"@executable_path/Frameworks",
				);
				PRODUCT_BUNDLE_IDENTIFIER = edu.ccp.cisapple;
				PRODUCT_NAME = "$(TARGET_NAME)";
				SWIFT_VERSION = 5.0;
				TARGETED_DEVICE_FAMILY = "1,2";
			};
			name = Release;
		};
/* End XCBuildConfiguration section */

/* Begin XCConfigurationList section */
		81812C62236757B1004A8DB3 /* Build configuration list for PBXProject "wurster_lab09" */ = {
			isa = XCConfigurationList;
			buildConfigurations = (
				81812C79236757B3004A8DB3 /* Debug */,
				81812C7A236757B3004A8DB3 /* Release */,
			);
			defaultConfigurationIsVisible = 0;
			defaultConfigurationName = Release;
		};
		81812C7B236757B3004A8DB3 /* Build configuration list for PBXNativeTarget "wurster_lab09" */ = {
			isa = XCConfigurationList;
			buildConfigurations = (
				81812C7C236757B3004A8DB3 /* Debug */,
				81812C7D236757B3004A8DB3 /* Release */,
			);
			defaultConfigurationIsVisible = 0;
			defaultConfigurationName = Release;
		};
/* End XCConfigurationList section */
	};
	rootObject = 81812C5F236757B1004A8DB3 /* Project object */;
}
